github.com/Nomadcxx/sysc-Go v1.0.3 h1:VfT3rjhMkAgu+b/0CH+hMIdd2cJxbvYsimre1T7cLt0=
github.com/Nomadcxx/sysc-Go v1.0.3/go.mod h1:aVjiviCJEgKIQy0AZ2uQbf+V36JG8ZQLDO4ZtZ9wcQk=
github.com/Nomadcxx/sysc-wayland v0.3.1 h1:bpo91OQOlWv5rvM4sPueqwEYHYSTIlIKO6KmgGQyU/0=
github.com/Nomadcxx/sysc-wayland v0.3.1/go.mod h1:ZNAe41EM7R5G2KA55jqMPotAvrjVWcMq21BV69gROKA=
golang.org/x/sys v0.47.0 h1:o7XGOvZQCADBQQ4Y7VNq2dRWQR7JmOUW8Kxx4ZsNgWs=
golang.org/x/sys v0.47.0/go.mod h1:4GL1E5IUh+htKOUEOaiffhrAeqysfVGipDYzABqnCmw=
